
Microsoft Visual Studio Solution File, Format Version 12.00
# Visual Studio Version 17
VisualStudioVersion = 17.4.33110.190
MinimumVisualStudioVersion = 10.0.40219.1
Project("{FAE04EC0-301F-11D3-BF4B-00C04F79EFBC}") = "HPlusSport.API", "HPlusSport.API\HPlusSport.API.csproj", "{453A4643-E328-4CD5-B914-BCC3D56FDF4B}"
EndProject
Global
	GlobalSection(SolutionConfigurationPlatforms) = preSolution
		Debug|Any CPU = Debug|Any CPU
		Release|Any CPU = Release|Any CPU
	EndGlobalSection
	GlobalSection(ProjectConfigurationPlatforms) = postSolution
		{453A4643-E328-4CD5-B914-BCC3D56FDF4B}.Debug|Any CPU.ActiveCfg = Debug|Any CPU
		{453A4643-E328-4CD5-B914-BCC3D56FDF4B}.Debug|Any CPU.Build.0 = Debug|Any CPU
		{453A4643-E328-4CD5-B914-BCC3D56FDF4B}.Release|Any CPU.ActiveCfg = Release|Any CPU
		{453A4643-E328-4CD5-B914-BCC3D56FDF4B}.Release|Any CPU.Build.0 = Release|Any CPU
	EndGlobalSection
	GlobalSection(SolutionProperties) = preSolution
		HideSolutionNode = FALSE
	EndGlobalSection
	GlobalSection(ExtensibilityGlobals) = postSolution
		SolutionGuid = {6599C716-DE2C-4DF4-A942-DFDA789AC6C6}
	EndGlobalSection
EndGlobal
